
Microsoft Visual Studio Solution File, Format Version 12.00
# Visual Studio 14
VisualStudioVersion = 14.0.23107.0
MinimumVisualStudioVersion = 10.0.40219.1
Project("{F5034706-568F-408A-B7B3-4D38C6DB8A32}") = "PsAmt", "PsAmt\PsAmt.pssproj", "{6CAFC0C6-A428-4D30-A9F9-700E829FEA51}"
EndProject
Project("{2150E333-8FDC-42A3-9474-1A3956D46DE8}") = "Solution Items", "Solution Items", "{BD00CF13-2433-45D5-BF6D-369DE006B5D9}"
	ProjectSection(SolutionItems) = preProject
		.gitattributes = .gitattributes
		.gitignore = .gitignore
		README.md = README.md
		TODO.txt = TODO.txt
	EndProjectSection
EndProject
Project("{F5034706-568F-408A-B7B3-4D38C6DB8A32}") = "PsAmtData", "PsAmtData\PsAmtData.pssproj", "{76346076-C35B-4E8B-8732-01DDB33A2288}"
EndProject
Project("{FAE04EC0-301F-11D3-BF4B-00C04F79EFBC}") = "AmtData", "AmtData\AmtData.csproj", "{7FE252CA-D9F9-4AB0-9CBE-15CB27B04766}"
EndProject
Global
	GlobalSection(SolutionConfigurationPlatforms) = preSolution
		Debug|Any CPU = Debug|Any CPU
		Release|Any CPU = Release|Any CPU
	EndGlobalSection
	GlobalSection(ProjectConfigurationPlatforms) = postSolution
		{6CAFC0C6-A428-4D30-A9F9-700E829FEA51}.Debug|Any CPU.ActiveCfg = Debug|Any CPU
		{6CAFC0C6-A428-4D30-A9F9-700E829FEA51}.Debug|Any CPU.Build.0 = Debug|Any CPU
		{6CAFC0C6-A428-4D30-A9F9-700E829FEA51}.Release|Any CPU.ActiveCfg = Release|Any CPU
		{6CAFC0C6-A428-4D30-A9F9-700E829FEA51}.Release|Any CPU.Build.0 = Release|Any CPU
		{76346076-C35B-4E8B-8732-01DDB33A2288}.Debug|Any CPU.ActiveCfg = Debug|Any CPU
		{76346076-C35B-4E8B-8732-01DDB33A2288}.Debug|Any CPU.Build.0 = Debug|Any CPU
		{76346076-C35B-4E8B-8732-01DDB33A2288}.Release|Any CPU.ActiveCfg = Release|Any CPU
		{76346076-C35B-4E8B-8732-01DDB33A2288}.Release|Any CPU.Build.0 = Release|Any CPU
		{7FE252CA-D9F9-4AB0-9CBE-15CB27B04766}.Debug|Any CPU.ActiveCfg = Debug|Any CPU
		{7FE252CA-D9F9-4AB0-9CBE-15CB27B04766}.Debug|Any CPU.Build.0 = Debug|Any CPU
		{7FE252CA-D9F9-4AB0-9CBE-15CB27B04766}.Release|Any CPU.ActiveCfg = Release|Any CPU
		{7FE252CA-D9F9-4AB0-9CBE-15CB27B04766}.Release|Any CPU.Build.0 = Release|Any CPU
	EndGlobalSection
	GlobalSection(SolutionProperties) = preSolution
		HideSolutionNode = FALSE
	EndGlobalSection
EndGlobal
